
Microsoft Visual Studio Solution File, Format Version 12.00
# Visual Studio Version 17
VisualStudioVersion = 17.3.32804.467
MinimumVisualStudioVersion = 10.0.40219.1
Project("{FAE04EC0-301F-11D3-BF4B-00C04F79EFBC}") = "SearchAndSort", "SearchAndSort\SearchAndSort.csproj", "{4AF0C5A0-9366-4CDA-8DFB-4A86C85C4CFA}"
EndProject
Global
	GlobalSection(SolutionConfigurationPlatforms) = preSolution
		Debug|Any CPU = Debug|Any CPU
		Release|Any CPU = Release|Any CPU
	EndGlobalSection
	GlobalSection(ProjectConfigurationPlatforms) = postSolution
		{4AF0C5A0-9366-4CDA-8DFB-4A86C85C4CFA}.Debug|Any CPU.ActiveCfg = Debug|Any CPU
		{4AF0C5A0-9366-4CDA-8DFB-4A86C85C4CFA}.Debug|Any CPU.Build.0 = Debug|Any CPU
		{4AF0C5A0-9366-4CDA-8DFB-4A86C85C4CFA}.Release|Any CPU.ActiveCfg = Release|Any CPU
		{4AF0C5A0-9366-4CDA-8DFB-4A86C85C4CFA}.Release|Any CPU.Build.0 = Release|Any CPU
	EndGlobalSection
	GlobalSection(SolutionProperties) = preSolution
		HideSolutionNode = FALSE
	EndGlobalSection
	GlobalSection(ExtensibilityGlobals) = postSolution
		SolutionGuid = {7A26D373-FFEA-4DC1-A041-E4B71E935E25}
	EndGlobalSection
EndGlobal
